
Microsoft Visual Studio Solution File, Format Version 12.00
# Visual Studio Version 16
VisualStudioVersion = 25.0.1705.6
MinimumVisualStudioVersion = 10.0.40219.1
Project("{FAE04EC0-301F-11D3-BF4B-00C04F79EFBC}") = "Lab9 - ASP.NET", "Lab9 - ASP.NET\Lab9 - ASP.NET.csproj", "{15AB44B0-400D-461D-9A83-23AD69402469}"
EndProject
Global
	GlobalSection(SolutionConfigurationPlatforms) = preSolution
		Debug|Any CPU = Debug|Any CPU
		Release|Any CPU = Release|Any CPU
	EndGlobalSection
	GlobalSection(ProjectConfigurationPlatforms) = postSolution
		{15AB44B0-400D-461D-9A83-23AD69402469}.Debug|Any CPU.ActiveCfg = Debug|Any CPU
		{15AB44B0-400D-461D-9A83-23AD69402469}.Debug|Any CPU.Build.0 = Debug|Any CPU
		{15AB44B0-400D-461D-9A83-23AD69402469}.Release|Any CPU.ActiveCfg = Release|Any CPU
		{15AB44B0-400D-461D-9A83-23AD69402469}.Release|Any CPU.Build.0 = Release|Any CPU
	EndGlobalSection
	GlobalSection(SolutionProperties) = preSolution
		HideSolutionNode = FALSE
	EndGlobalSection
	GlobalSection(ExtensibilityGlobals) = postSolution
		SolutionGuid = {C8159AB5-B648-47D0-9600-5315F644B5C6}
	EndGlobalSection
EndGlobal
