
Microsoft Visual Studio Solution File, Format Version 12.00
# Visual Studio Version 17
VisualStudioVersion = 17.10.34916.146
MinimumVisualStudioVersion = 10.0.40219.1
Project("{FAE04EC0-301F-11D3-BF4B-00C04F79EFBC}") = "WindowsFormsApp1", "WindowsFormsApp1\WindowsFormsApp1.csproj", "{1C7CA2CF-2126-43A8-A7C0-3AF449B8BC49}"
EndProject
Global
	GlobalSection(SolutionConfigurationPlatforms) = preSolution
		Debug|Any CPU = Debug|Any CPU
		Release|Any CPU = Release|Any CPU
	EndGlobalSection
	GlobalSection(ProjectConfigurationPlatforms) = postSolution
		{1C7CA2CF-2126-43A8-A7C0-3AF449B8BC49}.Debug|Any CPU.ActiveCfg = Debug|Any CPU
		{1C7CA2CF-2126-43A8-A7C0-3AF449B8BC49}.Debug|Any CPU.Build.0 = Debug|Any CPU
		{1C7CA2CF-2126-43A8-A7C0-3AF449B8BC49}.Release|Any CPU.ActiveCfg = Release|Any CPU
		{1C7CA2CF-2126-43A8-A7C0-3AF449B8BC49}.Release|Any CPU.Build.0 = Release|Any CPU
	EndGlobalSection
	GlobalSection(SolutionProperties) = preSolution
		HideSolutionNode = FALSE
	EndGlobalSection
	GlobalSection(ExtensibilityGlobals) = postSolution
		SolutionGuid = {F66E60CD-F1FF-41EE-A262-E0D4C48F3DBF}
	EndGlobalSection
EndGlobal
